
Microsoft Visual Studio Solution File, Format Version 12.00
# Visual Studio Version 17
VisualStudioVersion = 17.9.34728.123
MinimumVisualStudioVersion = 10.0.40219.1
Project("{2150E333-8FDC-42A3-9474-1A3956D46DE8}") = "Front", "Front", "{66F902FB-717A-4DAA-A079-81D9D980116F}"
EndProject
Project("{2150E333-8FDC-42A3-9474-1A3956D46DE8}") = "Gateway", "Gateway", "{B15C5ECD-92E0-4C16-93BE-A69B46BACC47}"
EndProject
Project("{2150E333-8FDC-42A3-9474-1A3956D46DE8}") = "Services", "Services", "{3C33B7E5-1D6A-4711-85AC-23A83B81DE60}"
EndProject
Project("{9A19103F-16F7-4668-BE54-9A1E7A4F7556}") = "CouponApi", "CouponApi\CouponApi.csproj", "{D623AE69-A1C3-4909-832A-E969F6A91661}"
EndProject
Project("{2150E333-8FDC-42A3-9474-1A3956D46DE8}") = "Shared", "Shared", "{31EFAC72-CC32-46D4-8319-16E025FA55C8}"
EndProject
Project("{9A19103F-16F7-4668-BE54-9A1E7A4F7556}") = "Shared", "Shared\Shared.csproj", "{D7D3CBC6-B295-453C-93BB-7B8608477611}"
EndProject
Project("{9A19103F-16F7-4668-BE54-9A1E7A4F7556}") = "BlazorWasm", "BlazorWasm\BlazorWasm.csproj", "{F8148046-E41A-41AC-B079-81D925EC3AE3}"
EndProject
Project("{9A19103F-16F7-4668-BE54-9A1E7A4F7556}") = "AuthApi", "AuthApi\AuthApi.csproj", "{F4E3F8F1-B6EF-4A17-ABBE-91E4A238B4C2}"
EndProject
Project("{9A19103F-16F7-4668-BE54-9A1E7A4F7556}") = "ProductApi", "ProductApi\ProductApi.csproj", "{AE1618F6-BA59-4205-BA6C-E216A985CE92}"
EndProject
Project("{9A19103F-16F7-4668-BE54-9A1E7A4F7556}") = "CartApi", "CartApi\CartApi.csproj", "{06F64712-D9D4-40B3-A7BD-5DC350858896}"
EndProject
Global
	GlobalSection(SolutionConfigurationPlatforms) = preSolution
		Debug|Any CPU = Debug|Any CPU
		Release|Any CPU = Release|Any CPU
	EndGlobalSection
	GlobalSection(ProjectConfigurationPlatforms) = postSolution
		{D623AE69-A1C3-4909-832A-E969F6A91661}.Debug|Any CPU.ActiveCfg = Debug|Any CPU
		{D623AE69-A1C3-4909-832A-E969F6A91661}.Debug|Any CPU.Build.0 = Debug|Any CPU
		{D623AE69-A1C3-4909-832A-E969F6A91661}.Release|Any CPU.ActiveCfg = Release|Any CPU
		{D623AE69-A1C3-4909-832A-E969F6A91661}.Release|Any CPU.Build.0 = Release|Any CPU
		{D7D3CBC6-B295-453C-93BB-7B8608477611}.Debug|Any CPU.ActiveCfg = Debug|Any CPU
		{D7D3CBC6-B295-453C-93BB-7B8608477611}.Debug|Any CPU.Build.0 = Debug|Any CPU
		{D7D3CBC6-B295-453C-93BB-7B8608477611}.Release|Any CPU.ActiveCfg = Release|Any CPU
		{D7D3CBC6-B295-453C-93BB-7B8608477611}.Release|Any CPU.Build.0 = Release|Any CPU
		{F8148046-E41A-41AC-B079-81D925EC3AE3}.Debug|Any CPU.ActiveCfg = Debug|Any CPU
		{F8148046-E41A-41AC-B079-81D925EC3AE3}.Debug|Any CPU.Build.0 = Debug|Any CPU
		{F8148046-E41A-41AC-B079-81D925EC3AE3}.Release|Any CPU.ActiveCfg = Release|Any CPU
		{F8148046-E41A-41AC-B079-81D925EC3AE3}.Release|Any CPU.Build.0 = Release|Any CPU
		{F4E3F8F1-B6EF-4A17-ABBE-91E4A238B4C2}.Debug|Any CPU.ActiveCfg = Debug|Any CPU
		{F4E3F8F1-B6EF-4A17-ABBE-91E4A238B4C2}.Debug|Any CPU.Build.0 = Debug|Any CPU
		{F4E3F8F1-B6EF-4A17-ABBE-91E4A238B4C2}.Release|Any CPU.ActiveCfg = Release|Any CPU
		{F4E3F8F1-B6EF-4A17-ABBE-91E4A238B4C2}.Release|Any CPU.Build.0 = Release|Any CPU
		{AE1618F6-BA59-4205-BA6C-E216A985CE92}.Debug|Any CPU.ActiveCfg = Debug|Any CPU
		{AE1618F6-BA59-4205-BA6C-E216A985CE92}.Debug|Any CPU.Build.0 = Debug|Any CPU
		{AE1618F6-BA59-4205-BA6C-E216A985CE92}.Release|Any CPU.ActiveCfg = Release|Any CPU
		{AE1618F6-BA59-4205-BA6C-E216A985CE92}.Release|Any CPU.Build.0 = Release|Any CPU
		{06F64712-D9D4-40B3-A7BD-5DC350858896}.Debug|Any CPU.ActiveCfg = Debug|Any CPU
		{06F64712-D9D4-40B3-A7BD-5DC350858896}.Debug|Any CPU.Build.0 = Debug|Any CPU
		{06F64712-D9D4-40B3-A7BD-5DC350858896}.Release|Any CPU.ActiveCfg = Release|Any CPU
		{06F64712-D9D4-40B3-A7BD-5DC350858896}.Release|Any CPU.Build.0 = Release|Any CPU
	EndGlobalSection
	GlobalSection(SolutionProperties) = preSolution
		HideSolutionNode = FALSE
	EndGlobalSection
	GlobalSection(NestedProjects) = preSolution
		{D623AE69-A1C3-4909-832A-E969F6A91661} = {3C33B7E5-1D6A-4711-85AC-23A83B81DE60}
		{D7D3CBC6-B295-453C-93BB-7B8608477611} = {31EFAC72-CC32-46D4-8319-16E025FA55C8}
		{F8148046-E41A-41AC-B079-81D925EC3AE3} = {66F902FB-717A-4DAA-A079-81D9D980116F}
		{F4E3F8F1-B6EF-4A17-ABBE-91E4A238B4C2} = {3C33B7E5-1D6A-4711-85AC-23A83B81DE60}
		{AE1618F6-BA59-4205-BA6C-E216A985CE92} = {3C33B7E5-1D6A-4711-85AC-23A83B81DE60}
		{06F64712-D9D4-40B3-A7BD-5DC350858896} = {3C33B7E5-1D6A-4711-85AC-23A83B81DE60}
	EndGlobalSection
	GlobalSection(ExtensibilityGlobals) = postSolution
		SolutionGuid = {1E060608-4AE3-4A54-9C05-D91B06763846}
	EndGlobalSection
EndGlobal
