
Microsoft Visual Studio Solution File, Format Version 12.00
# Visual Studio Version 17
VisualStudioVersion = 17.9.34728.123
MinimumVisualStudioVersion = 10.0.40219.1
Project("{2150E333-8FDC-42A3-9474-1A3956D46DE8}") = "Front", "Front", "{66F902FB-717A-4DAA-A079-81D9D980116F}"
EndProject
Project("{2150E333-8FDC-42A3-9474-1A3956D46DE8}") = "Gateway", "Gateway", "{B15C5ECD-92E0-4C16-93BE-A69B46BACC47}"
EndProject
Project("{2150E333-8FDC-42A3-9474-1A3956D46DE8}") = "Integeration", "Integeration", "{071ADA48-65C6-4C17-81D5-28F286423EE8}"
EndProject
Project("{2150E333-8FDC-42A3-9474-1A3956D46DE8}") = "Services", "Services", "{3C33B7E5-1D6A-4711-85AC-23A83B81DE60}"
EndProject
Project("{2150E333-8FDC-42A3-9474-1A3956D46DE8}") = "Images", "Images", "{CA7EB621-5F4B-44DF-9EB8-182B3FCC909A}"
	ProjectSection(SolutionItems) = preProject
		..\))) Microservices\images\BlazorMicroservices.png = ..\))) Microservices\images\BlazorMicroservices.png
	EndProjectSection
EndProject
Project("{FAE04EC0-301F-11D3-BF4B-00C04F79EFBC}") = "CouponApi", "CouponApi\CouponApi.csproj", "{D623AE69-A1C3-4909-832A-E969F6A91661}"
EndProject
Project("{2150E333-8FDC-42A3-9474-1A3956D46DE8}") = "Shared", "Shared", "{31EFAC72-CC32-46D4-8319-16E025FA55C8}"
EndProject
Project("{FAE04EC0-301F-11D3-BF4B-00C04F79EFBC}") = "Shared", "Shared\Shared.csproj", "{D7D3CBC6-B295-453C-93BB-7B8608477611}"
EndProject
Project("{FAE04EC0-301F-11D3-BF4B-00C04F79EFBC}") = "BlazorAuto", "BlazorAuto\BlazorAuto\BlazorAuto.csproj", "{28F22F6C-B94F-4031-86A7-B1F9E28451E4}"
EndProject
Project("{FAE04EC0-301F-11D3-BF4B-00C04F79EFBC}") = "BlazorAuto.Client", "BlazorAuto\BlazorAuto.Client\BlazorAuto.Client.csproj", "{014A5485-2C98-472F-AD3A-1DAD97255BD0}"
EndProject
Global
	GlobalSection(SolutionConfigurationPlatforms) = preSolution
		Debug|Any CPU = Debug|Any CPU
		Release|Any CPU = Release|Any CPU
	EndGlobalSection
	GlobalSection(ProjectConfigurationPlatforms) = postSolution
		{D623AE69-A1C3-4909-832A-E969F6A91661}.Debug|Any CPU.ActiveCfg = Debug|Any CPU
		{D623AE69-A1C3-4909-832A-E969F6A91661}.Debug|Any CPU.Build.0 = Debug|Any CPU
		{D623AE69-A1C3-4909-832A-E969F6A91661}.Release|Any CPU.ActiveCfg = Release|Any CPU
		{D623AE69-A1C3-4909-832A-E969F6A91661}.Release|Any CPU.Build.0 = Release|Any CPU
		{D7D3CBC6-B295-453C-93BB-7B8608477611}.Debug|Any CPU.ActiveCfg = Debug|Any CPU
		{D7D3CBC6-B295-453C-93BB-7B8608477611}.Debug|Any CPU.Build.0 = Debug|Any CPU
		{D7D3CBC6-B295-453C-93BB-7B8608477611}.Release|Any CPU.ActiveCfg = Release|Any CPU
		{D7D3CBC6-B295-453C-93BB-7B8608477611}.Release|Any CPU.Build.0 = Release|Any CPU
		{28F22F6C-B94F-4031-86A7-B1F9E28451E4}.Debug|Any CPU.ActiveCfg = Debug|Any CPU
		{28F22F6C-B94F-4031-86A7-B1F9E28451E4}.Debug|Any CPU.Build.0 = Debug|Any CPU
		{28F22F6C-B94F-4031-86A7-B1F9E28451E4}.Release|Any CPU.ActiveCfg = Release|Any CPU
		{28F22F6C-B94F-4031-86A7-B1F9E28451E4}.Release|Any CPU.Build.0 = Release|Any CPU
		{014A5485-2C98-472F-AD3A-1DAD97255BD0}.Debug|Any CPU.ActiveCfg = Debug|Any CPU
		{014A5485-2C98-472F-AD3A-1DAD97255BD0}.Debug|Any CPU.Build.0 = Debug|Any CPU
		{014A5485-2C98-472F-AD3A-1DAD97255BD0}.Release|Any CPU.ActiveCfg = Release|Any CPU
		{014A5485-2C98-472F-AD3A-1DAD97255BD0}.Release|Any CPU.Build.0 = Release|Any CPU
	EndGlobalSection
	GlobalSection(SolutionProperties) = preSolution
		HideSolutionNode = FALSE
	EndGlobalSection
	GlobalSection(NestedProjects) = preSolution
		{D623AE69-A1C3-4909-832A-E969F6A91661} = {3C33B7E5-1D6A-4711-85AC-23A83B81DE60}
		{D7D3CBC6-B295-453C-93BB-7B8608477611} = {31EFAC72-CC32-46D4-8319-16E025FA55C8}
		{28F22F6C-B94F-4031-86A7-B1F9E28451E4} = {66F902FB-717A-4DAA-A079-81D9D980116F}
		{014A5485-2C98-472F-AD3A-1DAD97255BD0} = {66F902FB-717A-4DAA-A079-81D9D980116F}
	EndGlobalSection
	GlobalSection(ExtensibilityGlobals) = postSolution
		SolutionGuid = {1E060608-4AE3-4A54-9C05-D91B06763846}
	EndGlobalSection
EndGlobal
